
Microsoft Visual Studio Solution File, Format Version 12.00
# Visual Studio Version 17
VisualStudioVersion = 17.0.31903.59
MinimumVisualStudioVersion = 10.0.40219.1
Project("{2150E333-8FDC-42A3-9474-1A3956D46DE8}") = "src", "src", "{827E0CD3-B72D-47B6-A68D-7590B98EB39B}"
EndProject
Project("{FAE04EC0-301F-11D3-BF4B-00C04F79EFBC}") = "Domain", "src\Domain\Domain.csproj", "{98FAEFA6-2B31-4F90-89FE-F748430263DE}"
EndProject
Project("{FAE04EC0-301F-11D3-BF4B-00C04F79EFBC}") = "Application", "src\Application\Application.csproj", "{3D53921A-24D9-439A-90E9-0C5BA973B931}"
EndProject
Project("{FAE04EC0-301F-11D3-BF4B-00C04F79EFBC}") = "Infrastructure", "src\Infrastructure\Infrastructure.csproj", "{0FAD039A-141A-4348-825A-EDD76C1B5DD1}"
EndProject
Project("{FAE04EC0-301F-11D3-BF4B-00C04F79EFBC}") = "WebAPI", "src\WebAPI\WebAPI.csproj", "{B7AADE6C-D1C1-41BE-AE2E-8B186DFDB7FA}"
EndProject
Global
	GlobalSection(SolutionConfigurationPlatforms) = preSolution
		Debug|Any CPU = Debug|Any CPU
		Debug|x64 = Debug|x64
		Debug|x86 = Debug|x86
		Release|Any CPU = Release|Any CPU
		Release|x64 = Release|x64
		Release|x86 = Release|x86
	EndGlobalSection
	GlobalSection(ProjectConfigurationPlatforms) = postSolution
		{98FAEFA6-2B31-4F90-89FE-F748430263DE}.Debug|Any CPU.ActiveCfg = Debug|Any CPU
		{98FAEFA6-2B31-4F90-89FE-F748430263DE}.Debug|Any CPU.Build.0 = Debug|Any CPU
		{98FAEFA6-2B31-4F90-89FE-F748430263DE}.Debug|x64.ActiveCfg = Debug|Any CPU
		{98FAEFA6-2B31-4F90-89FE-F748430263DE}.Debug|x64.Build.0 = Debug|Any CPU
		{98FAEFA6-2B31-4F90-89FE-F748430263DE}.Debug|x86.ActiveCfg = Debug|Any CPU
		{98FAEFA6-2B31-4F90-89FE-F748430263DE}.Debug|x86.Build.0 = Debug|Any CPU
		{98FAEFA6-2B31-4F90-89FE-F748430263DE}.Release|Any CPU.ActiveCfg = Release|Any CPU
		{98FAEFA6-2B31-4F90-89FE-F748430263DE}.Release|Any CPU.Build.0 = Release|Any CPU
		{98FAEFA6-2B31-4F90-89FE-F748430263DE}.Release|x64.ActiveCfg = Release|Any CPU
		{98FAEFA6-2B31-4F90-89FE-F748430263DE}.Release|x64.Build.0 = Release|Any CPU
		{98FAEFA6-2B31-4F90-89FE-F748430263DE}.Release|x86.ActiveCfg = Release|Any CPU
		{98FAEFA6-2B31-4F90-89FE-F748430263DE}.Release|x86.Build.0 = Release|Any CPU
		{3D53921A-24D9-439A-90E9-0C5BA973B931}.Debug|Any CPU.ActiveCfg = Debug|Any CPU
		{3D53921A-24D9-439A-90E9-0C5BA973B931}.Debug|Any CPU.Build.0 = Debug|Any CPU
		{3D53921A-24D9-439A-90E9-0C5BA973B931}.Debug|x64.ActiveCfg = Debug|Any CPU
		{3D53921A-24D9-439A-90E9-0C5BA973B931}.Debug|x64.Build.0 = Debug|Any CPU
		{3D53921A-24D9-439A-90E9-0C5BA973B931}.Debug|x86.ActiveCfg = Debug|Any CPU
		{3D53921A-24D9-439A-90E9-0C5BA973B931}.Debug|x86.Build.0 = Debug|Any CPU
		{3D53921A-24D9-439A-90E9-0C5BA973B931}.Release|Any CPU.ActiveCfg = Release|Any CPU
		{3D53921A-24D9-439A-90E9-0C5BA973B931}.Release|Any CPU.Build.0 = Release|Any CPU
		{3D53921A-24D9-439A-90E9-0C5BA973B931}.Release|x64.ActiveCfg = Release|Any CPU
		{3D53921A-24D9-439A-90E9-0C5BA973B931}.Release|x64.Build.0 = Release|Any CPU
		{3D53921A-24D9-439A-90E9-0C5BA973B931}.Release|x86.ActiveCfg = Release|Any CPU
		{3D53921A-24D9-439A-90E9-0C5BA973B931}.Release|x86.Build.0 = Release|Any CPU
		{0FAD039A-141A-4348-825A-EDD76C1B5DD1}.Debug|Any CPU.ActiveCfg = Debug|Any CPU
		{0FAD039A-141A-4348-825A-EDD76C1B5DD1}.Debug|Any CPU.Build.0 = Debug|Any CPU
		{0FAD039A-141A-4348-825A-EDD76C1B5DD1}.Debug|x64.ActiveCfg = Debug|Any CPU
		{0FAD039A-141A-4348-825A-EDD76C1B5DD1}.Debug|x64.Build.0 = Debug|Any CPU
		{0FAD039A-141A-4348-825A-EDD76C1B5DD1}.Debug|x86.ActiveCfg = Debug|Any CPU
		{0FAD039A-141A-4348-825A-EDD76C1B5DD1}.Debug|x86.Build.0 = Debug|Any CPU
		{0FAD039A-141A-4348-825A-EDD76C1B5DD1}.Release|Any CPU.ActiveCfg = Release|Any CPU
		{0FAD039A-141A-4348-825A-EDD76C1B5DD1}.Release|Any CPU.Build.0 = Release|Any CPU
		{0FAD039A-141A-4348-825A-EDD76C1B5DD1}.Release|x64.ActiveCfg = Release|Any CPU
		{0FAD039A-141A-4348-825A-EDD76C1B5DD1}.Release|x64.Build.0 = Release|Any CPU
		{0FAD039A-141A-4348-825A-EDD76C1B5DD1}.Release|x86.ActiveCfg = Release|Any CPU
		{0FAD039A-141A-4348-825A-EDD76C1B5DD1}.Release|x86.Build.0 = Release|Any CPU
		{B7AADE6C-D1C1-41BE-AE2E-8B186DFDB7FA}.Debug|Any CPU.ActiveCfg = Debug|Any CPU
		{B7AADE6C-D1C1-41BE-AE2E-8B186DFDB7FA}.Debug|Any CPU.Build.0 = Debug|Any CPU
		{B7AADE6C-D1C1-41BE-AE2E-8B186DFDB7FA}.Debug|x64.ActiveCfg = Debug|Any CPU
		{B7AADE6C-D1C1-41BE-AE2E-8B186DFDB7FA}.Debug|x64.Build.0 = Debug|Any CPU
		{B7AADE6C-D1C1-41BE-AE2E-8B186DFDB7FA}.Debug|x86.ActiveCfg = Debug|Any CPU
		{B7AADE6C-D1C1-41BE-AE2E-8B186DFDB7FA}.Debug|x86.Build.0 = Debug|Any CPU
		{B7AADE6C-D1C1-41BE-AE2E-8B186DFDB7FA}.Release|Any CPU.ActiveCfg = Release|Any CPU
		{B7AADE6C-D1C1-41BE-AE2E-8B186DFDB7FA}.Release|Any CPU.Build.0 = Release|Any CPU
		{B7AADE6C-D1C1-41BE-AE2E-8B186DFDB7FA}.Release|x64.ActiveCfg = Release|Any CPU
		{B7AADE6C-D1C1-41BE-AE2E-8B186DFDB7FA}.Release|x64.Build.0 = Release|Any CPU
		{B7AADE6C-D1C1-41BE-AE2E-8B186DFDB7FA}.Release|x86.ActiveCfg = Release|Any CPU
		{B7AADE6C-D1C1-41BE-AE2E-8B186DFDB7FA}.Release|x86.Build.0 = Release|Any CPU
	EndGlobalSection
	GlobalSection(SolutionProperties) = preSolution
		HideSolutionNode = FALSE
	EndGlobalSection
	GlobalSection(NestedProjects) = preSolution
		{98FAEFA6-2B31-4F90-89FE-F748430263DE} = {827E0CD3-B72D-47B6-A68D-7590B98EB39B}
		{3D53921A-24D9-439A-90E9-0C5BA973B931} = {827E0CD3-B72D-47B6-A68D-7590B98EB39B}
		{0FAD039A-141A-4348-825A-EDD76C1B5DD1} = {827E0CD3-B72D-47B6-A68D-7590B98EB39B}
		{B7AADE6C-D1C1-41BE-AE2E-8B186DFDB7FA} = {827E0CD3-B72D-47B6-A68D-7590B98EB39B}
	EndGlobalSection
EndGlobal
